{
  "nodes": {
    "catppuccin": {
      "inputs": {
        "nixpkgs": [
          "nixpkgs"
        ]
      },
      "locked": {
        "lastModified": 1757320803,
        "narHash": "sha256-7PUIQOMQSJLkNtV42SAYUDw0mRdbBNl6q8pLN8GViwM=",
        "owner": "catppuccin",
        "repo": "nix",
        "rev": "d75e3fe67f49728cb5035bc791f4b9065ff3a2c9",
        "type": "github"
      },
      "original": {
        "owner": "catppuccin",
        "repo": "nix",
        "type": "github"
      }
    },
    "flake-utils": {
      "inputs": {
        "systems": "systems_3"
      },
      "locked": {
        "lastModified": 1731533236,
        "narHash": "sha256-l0KFg5HjrsfsO/JpG+r7fRrqm12kzFHyUHqHCVpMMbI=",
        "owner": "numtide",
        "repo": "flake-utils",
        "rev": "11707dc2f618dd54ca8739b309ec4fc024de578b",
        "type": "github"
      },
      "original": {
        "owner": "numtide",
        "repo": "flake-utils",
        "type": "github"
      }
    },
    "home-manager": {
      "inputs": {
        "nixpkgs": [
          "nixpkgs"
        ]
      },
      "locked": {
        "lastModified": 1756679287,
        "narHash": "sha256-Xd1vOeY9ccDf5VtVK12yM0FS6qqvfUop8UQlxEB+gTQ=",
        "owner": "nix-community",
        "repo": "home-manager",
        "rev": "07fc025fe10487dd80f2ec694f1cd790e752d0e8",
        "type": "github"
      },
      "original": {
        "owner": "nix-community",
        "ref": "release-25.05",
        "repo": "home-manager",
        "type": "github"
      }
    },
    "nix-features": {
      "inputs": {
        "nixpkgs": [
          "nixpkgs"
        ],
        "utils": "utils"
      },
      "locked": {
        "lastModified": 1747584399,
        "narHash": "sha256-/W0JUKzltuBBQEH79p4TeoCEO7UN290Q3SkZkc+Gg9U=",
        "owner": "saksmt",
        "repo": "nix-features",
        "rev": "3af58660cfba8f4c704327696499e3fd097de24a",
        "type": "github"
      },
      "original": {
        "owner": "saksmt",
        "repo": "nix-features",
        "type": "github"
      }
    },
    "nix-unstables": {
      "inputs": {
        "nixpkgs": [
          "nixpkgs"
        ],
        "utils": "utils_2"
      },
      "locked": {
        "lastModified": 1747584733,
        "narHash": "sha256-tQmTrYh2Qyr+wYRtHnHsXjHU2YPMy2LKE+eBUMD2lXM=",
        "owner": "saksmt",
        "repo": "nix-unstables",
        "rev": "011c9fcc8c152807dfb4a04fc2aa58b79109017f",
        "type": "github"
      },
      "original": {
        "owner": "saksmt",
        "repo": "nix-unstables",
        "type": "github"
      }
    },
    "nixgl": {
      "inputs": {
        "flake-utils": "flake-utils",
        "nixpkgs": [
          "nixpkgs"
        ]
      },
      "locked": {
        "lastModified": 1752054764,
        "narHash": "sha256-Ob/HuUhANoDs+nvYqyTKrkcPXf4ZgXoqMTQoCK0RFgQ=",
        "owner": "nix-community",
        "repo": "nixGL",
        "rev": "a8e1ce7d49a149ed70df676785b07f63288f53c5",
        "type": "github"
      },
      "original": {
        "owner": "nix-community",
        "repo": "nixGL",
        "type": "github"
      }
    },
    "nixos-hardware": {
      "locked": {
        "lastModified": 1757103352,
        "narHash": "sha256-PtT7ix43ss8PONJ1VJw3f6t2yAoGH+q462Sn8lrmWmk=",
        "owner": "NixOS",
        "repo": "nixos-hardware",
        "rev": "11b2a10c7be726321bb854403fdeec391e798bf0",
        "type": "github"
      },
      "original": {
        "owner": "NixOS",
        "ref": "master",
        "repo": "nixos-hardware",
        "type": "github"
      }
    },
    "nixpkgs": {
      "locked": {
        "lastModified": 1757341549,
        "narHash": "sha256-fRnT+bwP1sB6ne7BLw4aXkVYjr+QCZZ+e4MhbokHyd4=",
        "owner": "nixos",
        "repo": "nixpkgs",
        "rev": "9d1fa9fa266631335618373f8faad570df6f9ede",
        "type": "github"
      },
      "original": {
        "owner": "nixos",
        "ref": "nixos-25.05",
        "repo": "nixpkgs",
        "type": "github"
      }
    },
    "nixpkgs-unstable": {
      "locked": {
        "lastModified": 1757347588,
        "narHash": "sha256-tLdkkC6XnsY9EOZW9TlpesTclELy8W7lL2ClL+nma8o=",
        "owner": "nixos",
        "repo": "nixpkgs",
        "rev": "b599843bad24621dcaa5ab60dac98f9b0eb1cabe",
        "type": "github"
      },
      "original": {
        "owner": "nixos",
        "ref": "nixos-unstable",
        "repo": "nixpkgs",
        "type": "github"
      }
    },
    "root": {
      "inputs": {
        "catppuccin": "catppuccin",
        "home-manager": "home-manager",
        "nix-features": "nix-features",
        "nix-unstables": "nix-unstables",
        "nixgl": "nixgl",
        "nixos-hardware": "nixos-hardware",
        "nixpkgs": "nixpkgs",
        "nixpkgs-unstable": "nixpkgs-unstable",
        "utils": "utils_3"
      }
    },
    "systems": {
      "locked": {
        "lastModified": 1681028828,
        "narHash": "sha256-Vy1rq5AaRuLzOxct8nz4T6wlgyUR7zLU309k9mBC768=",
        "owner": "nix-systems",
        "repo": "default",
        "rev": "da67096a3b9bf56a91d16901293e51ba5b49a27e",
        "type": "github"
      },
      "original": {
        "owner": "nix-systems",
        "repo": "default",
        "type": "github"
      }
    },
    "systems_2": {
      "locked": {
        "lastModified": 1681028828,
        "narHash": "sha256-Vy1rq5AaRuLzOxct8nz4T6wlgyUR7zLU309k9mBC768=",
        "owner": "nix-systems",
        "repo": "default",
        "rev": "da67096a3b9bf56a91d16901293e51ba5b49a27e",
        "type": "github"
      },
      "original": {
        "owner": "nix-systems",
        "repo": "default",
        "type": "github"
      }
    },
    "systems_3": {
      "locked": {
        "lastModified": 1681028828,
        "narHash": "sha256-Vy1rq5AaRuLzOxct8nz4T6wlgyUR7zLU309k9mBC768=",
        "owner": "nix-systems",
        "repo": "default",
        "rev": "da67096a3b9bf56a91d16901293e51ba5b49a27e",
        "type": "github"
      },
      "original": {
        "owner": "nix-systems",
        "repo": "default",
        "type": "github"
      }
    },
    "systems_4": {
      "locked": {
        "lastModified": 1681028828,
        "narHash": "sha256-Vy1rq5AaRuLzOxct8nz4T6wlgyUR7zLU309k9mBC768=",
        "owner": "nix-systems",
        "repo": "default",
        "rev": "da67096a3b9bf56a91d16901293e51ba5b49a27e",
        "type": "github"
      },
      "original": {
        "owner": "nix-systems",
        "repo": "default",
        "type": "github"
      }
    },
    "utils": {
      "inputs": {
        "systems": "systems"
      },
      "locked": {
        "lastModified": 1731533236,
        "narHash": "sha256-l0KFg5HjrsfsO/JpG+r7fRrqm12kzFHyUHqHCVpMMbI=",
        "owner": "numtide",
        "repo": "flake-utils",
        "rev": "11707dc2f618dd54ca8739b309ec4fc024de578b",
        "type": "github"
      },
      "original": {
        "owner": "numtide",
        "repo": "flake-utils",
        "type": "github"
      }
    },
    "utils_2": {
      "inputs": {
        "systems": "systems_2"
      },
      "locked": {
        "lastModified": 1710146030,
        "narHash": "sha256-SZ5L6eA7HJ/nmkzGG7/ISclqe6oZdOZTNoesiInkXPQ=",
        "owner": "numtide",
        "repo": "flake-utils",
        "rev": "b1d9ab70662946ef0850d488da1c9019f3a9752a",
        "type": "github"
      },
      "original": {
        "owner": "numtide",
        "repo": "flake-utils",
        "type": "github"
      }
    },
    "utils_3": {
      "inputs": {
        "systems": "systems_4"
      },
      "locked": {
        "lastModified": 1731533236,
        "narHash": "sha256-l0KFg5HjrsfsO/JpG+r7fRrqm12kzFHyUHqHCVpMMbI=",
        "owner": "numtide",
        "repo": "flake-utils",
        "rev": "11707dc2f618dd54ca8739b309ec4fc024de578b",
        "type": "github"
      },
      "original": {
        "owner": "numtide",
        "repo": "flake-utils",
        "type": "github"
      }
    }
  },
  "root": "root",
  "version": 7
}
